
Microsoft Visual Studio Solution File, Format Version 12.00
# Visual Studio Version 17
VisualStudioVersion = 17.3.32825.248
MinimumVisualStudioVersion = 10.0.40219.1
Project("{2150E333-8FDC-42A3-9474-1A3956D46DE8}") = "урок 15", "урок 15", "{FC67F1E2-374B-403C-94E9-3469FA3A1FC9}"
EndProject
Project("{2150E333-8FDC-42A3-9474-1A3956D46DE8}") = "урок 16", "урок 16", "{F1A12CC0-AF3B-4698-8665-4629B522B112}"
EndProject
Project("{2150E333-8FDC-42A3-9474-1A3956D46DE8}") = "урок 17", "урок 17", "{7FA4AB4E-548C-4121-AFAF-B6BC01304354}"
EndProject
Project("{2150E333-8FDC-42A3-9474-1A3956D46DE8}") = "ДЗ", "ДЗ", "{51B6E5C9-A6DC-45A9-9F31-BF6A1B8D9A2A}"
EndProject
Project("{2150E333-8FDC-42A3-9474-1A3956D46DE8}") = "СР", "СР", "{38371BBF-82F6-4585-BA48-2F001E73409E}"
EndProject
Project("{2150E333-8FDC-42A3-9474-1A3956D46DE8}") = "ДЗ", "ДЗ", "{9EFD033B-D2CB-49CF-809B-1FD9FF2411F1}"
EndProject
Project("{2150E333-8FDC-42A3-9474-1A3956D46DE8}") = "СР", "СР", "{961C6C61-052B-49F8-85F1-686C014161B1}"
EndProject
Project("{2150E333-8FDC-42A3-9474-1A3956D46DE8}") = "ДЗ", "ДЗ", "{A47C8BCE-248D-4941-9BD8-BFBF36ECB411}"
EndProject
Project("{2150E333-8FDC-42A3-9474-1A3956D46DE8}") = "СР", "СР", "{273C8415-3004-4B74-83C7-A2B4477A2748}"
EndProject
Project("{2150E333-8FDC-42A3-9474-1A3956D46DE8}") = "основы программирования", "основы программирования", "{83F32091-89E2-4624-B380-7583157D1C43}"
EndProject
Project("{2150E333-8FDC-42A3-9474-1A3956D46DE8}") = "Н1", "Н1", "{15E03F08-1307-42FB-BE24-2C0090232A3D}"
EndProject
Project("{8BC9CEB8-8B4A-11D0-8D11-00A0C91BC942}") = "Task_1", "основы программирования\Н1\Task_1\Task_1.vcxproj", "{845BF045-E0EB-4765-A816-D05971BCC5A2}"
EndProject
Project("{8BC9CEB8-8B4A-11D0-8D11-00A0C91BC942}") = "Task_2", "основы программирования\Н1\Task_2\Task_2.vcxproj", "{A1C62CF5-AB7D-496C-8DA5-C4EAAFB001B8}"
EndProject
Project("{8BC9CEB8-8B4A-11D0-8D11-00A0C91BC942}") = "Task_3", "основы программирования\Н1\Task_3\Task_3.vcxproj", "{2D20E464-32F6-4214-BF60-DA83CCE71295}"
EndProject
Global
	GlobalSection(SolutionConfigurationPlatforms) = preSolution
		Debug|x64 = Debug|x64
		Debug|x86 = Debug|x86
		Release|x64 = Release|x64
		Release|x86 = Release|x86
	EndGlobalSection
	GlobalSection(ProjectConfigurationPlatforms) = postSolution
		{845BF045-E0EB-4765-A816-D05971BCC5A2}.Debug|x64.ActiveCfg = Debug|x64
		{845BF045-E0EB-4765-A816-D05971BCC5A2}.Debug|x64.Build.0 = Debug|x64
		{845BF045-E0EB-4765-A816-D05971BCC5A2}.Debug|x86.ActiveCfg = Debug|Win32
		{845BF045-E0EB-4765-A816-D05971BCC5A2}.Debug|x86.Build.0 = Debug|Win32
		{845BF045-E0EB-4765-A816-D05971BCC5A2}.Release|x64.ActiveCfg = Release|x64
		{845BF045-E0EB-4765-A816-D05971BCC5A2}.Release|x64.Build.0 = Release|x64
		{845BF045-E0EB-4765-A816-D05971BCC5A2}.Release|x86.ActiveCfg = Release|Win32
		{845BF045-E0EB-4765-A816-D05971BCC5A2}.Release|x86.Build.0 = Release|Win32
		{A1C62CF5-AB7D-496C-8DA5-C4EAAFB001B8}.Debug|x64.ActiveCfg = Debug|x64
		{A1C62CF5-AB7D-496C-8DA5-C4EAAFB001B8}.Debug|x64.Build.0 = Debug|x64
		{A1C62CF5-AB7D-496C-8DA5-C4EAAFB001B8}.Debug|x86.ActiveCfg = Debug|Win32
		{A1C62CF5-AB7D-496C-8DA5-C4EAAFB001B8}.Debug|x86.Build.0 = Debug|Win32
		{A1C62CF5-AB7D-496C-8DA5-C4EAAFB001B8}.Release|x64.ActiveCfg = Release|x64
		{A1C62CF5-AB7D-496C-8DA5-C4EAAFB001B8}.Release|x64.Build.0 = Release|x64
		{A1C62CF5-AB7D-496C-8DA5-C4EAAFB001B8}.Release|x86.ActiveCfg = Release|Win32
		{A1C62CF5-AB7D-496C-8DA5-C4EAAFB001B8}.Release|x86.Build.0 = Release|Win32
		{2D20E464-32F6-4214-BF60-DA83CCE71295}.Debug|x64.ActiveCfg = Debug|x64
		{2D20E464-32F6-4214-BF60-DA83CCE71295}.Debug|x64.Build.0 = Debug|x64
		{2D20E464-32F6-4214-BF60-DA83CCE71295}.Debug|x86.ActiveCfg = Debug|Win32
		{2D20E464-32F6-4214-BF60-DA83CCE71295}.Debug|x86.Build.0 = Debug|Win32
		{2D20E464-32F6-4214-BF60-DA83CCE71295}.Release|x64.ActiveCfg = Release|x64
		{2D20E464-32F6-4214-BF60-DA83CCE71295}.Release|x64.Build.0 = Release|x64
		{2D20E464-32F6-4214-BF60-DA83CCE71295}.Release|x86.ActiveCfg = Release|Win32
		{2D20E464-32F6-4214-BF60-DA83CCE71295}.Release|x86.Build.0 = Release|Win32
	EndGlobalSection
	GlobalSection(SolutionProperties) = preSolution
		HideSolutionNode = FALSE
	EndGlobalSection
	GlobalSection(NestedProjects) = preSolution
		{51B6E5C9-A6DC-45A9-9F31-BF6A1B8D9A2A} = {FC67F1E2-374B-403C-94E9-3469FA3A1FC9}
		{38371BBF-82F6-4585-BA48-2F001E73409E} = {FC67F1E2-374B-403C-94E9-3469FA3A1FC9}
		{9EFD033B-D2CB-49CF-809B-1FD9FF2411F1} = {F1A12CC0-AF3B-4698-8665-4629B522B112}
		{961C6C61-052B-49F8-85F1-686C014161B1} = {F1A12CC0-AF3B-4698-8665-4629B522B112}
		{A47C8BCE-248D-4941-9BD8-BFBF36ECB411} = {7FA4AB4E-548C-4121-AFAF-B6BC01304354}
		{273C8415-3004-4B74-83C7-A2B4477A2748} = {7FA4AB4E-548C-4121-AFAF-B6BC01304354}
		{15E03F08-1307-42FB-BE24-2C0090232A3D} = {83F32091-89E2-4624-B380-7583157D1C43}
		{845BF045-E0EB-4765-A816-D05971BCC5A2} = {15E03F08-1307-42FB-BE24-2C0090232A3D}
		{A1C62CF5-AB7D-496C-8DA5-C4EAAFB001B8} = {15E03F08-1307-42FB-BE24-2C0090232A3D}
		{2D20E464-32F6-4214-BF60-DA83CCE71295} = {15E03F08-1307-42FB-BE24-2C0090232A3D}
	EndGlobalSection
	GlobalSection(ExtensibilityGlobals) = postSolution
		SolutionGuid = {D6984D8A-49C7-45E6-B48D-D159C6478396}
	EndGlobalSection
EndGlobal
